
Microsoft Visual Studio Solution File, Format Version 12.00
Project("{2150E333-8FDC-42A3-9474-1A3956D46DE8}") = "src", "src", "{6BDD26A6-7A4E-4A45-914B-6BEC83C4A17F}"
EndProject
Project("{2150E333-8FDC-42A3-9474-1A3956D46DE8}") = "tests", "tests", "{65FEC460-9424-4BCB-860F-BB411D28FBA6}"
EndProject
Project("{2150E333-8FDC-42A3-9474-1A3956D46DE8}") = "Backend", "Backend", "{3ECC922A-8CFA-4CB7-B630-AD6AB9F64314}"
EndProject
Project("{FAE04EC0-301F-11D3-BF4B-00C04F79EFBC}") = "Isoide.API", "src\Backend\Isoide.API\Isoide.API.csproj", "{FB7D6FE1-E6C0-440F-A81F-A0E517CF65E9}"
EndProject
Project("{FAE04EC0-301F-11D3-BF4B-00C04F79EFBC}") = "Isoide.Application", "src\Backend\Isoide.Application\Isoide.Application.csproj", "{C1EBB4C5-7EA9-496C-B3E3-BD23640129C5}"
EndProject
Project("{FAE04EC0-301F-11D3-BF4B-00C04F79EFBC}") = "Isoide.Domain", "src\Backend\Isoide.Domain\Isoide.Domain.csproj", "{0B9F25EE-21BB-4651-A910-19C022E97DFA}"
EndProject
Project("{FAE04EC0-301F-11D3-BF4B-00C04F79EFBC}") = "Isoide.Infrastructure", "src\Backend\Isoide.Infrastructure\Isoide.Infrastructure.csproj", "{DE875D65-E877-4234-ABBB-3AC97CCE5E66}"
EndProject
Project("{2150E333-8FDC-42A3-9474-1A3956D46DE8}") = "Shared", "Shared", "{EE0F3644-45E9-4FD1-AA70-9E4BB4099123}"
EndProject
Project("{FAE04EC0-301F-11D3-BF4B-00C04F79EFBC}") = "Communication", "src\Shared\Communication\Communication.csproj", "{ADFC0298-6FEE-4428-8EDF-6A2E86E47677}"
EndProject
Project("{FAE04EC0-301F-11D3-BF4B-00C04F79EFBC}") = "UseCases.Test", "tests\UseCases.Test\UseCases.Test.csproj", "{2EB94977-76C1-4B73-ADAE-7BB89166F46F}"
EndProject
Project("{FAE04EC0-301F-11D3-BF4B-00C04F79EFBC}") = "CommonTestUtilities", "tests\CommonTestUtilities\CommonTestUtilities.csproj", "{EB39DD18-194B-44CD-B054-059545D3E32B}"
EndProject
Global
	GlobalSection(SolutionConfigurationPlatforms) = preSolution
		Debug|Any CPU = Debug|Any CPU
		Release|Any CPU = Release|Any CPU
	EndGlobalSection
	GlobalSection(NestedProjects) = preSolution
		{3ECC922A-8CFA-4CB7-B630-AD6AB9F64314} = {6BDD26A6-7A4E-4A45-914B-6BEC83C4A17F}
		{FB7D6FE1-E6C0-440F-A81F-A0E517CF65E9} = {3ECC922A-8CFA-4CB7-B630-AD6AB9F64314}
		{C1EBB4C5-7EA9-496C-B3E3-BD23640129C5} = {3ECC922A-8CFA-4CB7-B630-AD6AB9F64314}
		{0B9F25EE-21BB-4651-A910-19C022E97DFA} = {3ECC922A-8CFA-4CB7-B630-AD6AB9F64314}
		{DE875D65-E877-4234-ABBB-3AC97CCE5E66} = {3ECC922A-8CFA-4CB7-B630-AD6AB9F64314}
		{EE0F3644-45E9-4FD1-AA70-9E4BB4099123} = {6BDD26A6-7A4E-4A45-914B-6BEC83C4A17F}
		{ADFC0298-6FEE-4428-8EDF-6A2E86E47677} = {EE0F3644-45E9-4FD1-AA70-9E4BB4099123}
		{2EB94977-76C1-4B73-ADAE-7BB89166F46F} = {65FEC460-9424-4BCB-860F-BB411D28FBA6}
		{EB39DD18-194B-44CD-B054-059545D3E32B} = {65FEC460-9424-4BCB-860F-BB411D28FBA6}
	EndGlobalSection
	GlobalSection(ProjectConfigurationPlatforms) = postSolution
		{FB7D6FE1-E6C0-440F-A81F-A0E517CF65E9}.Debug|Any CPU.ActiveCfg = Debug|Any CPU
		{FB7D6FE1-E6C0-440F-A81F-A0E517CF65E9}.Debug|Any CPU.Build.0 = Debug|Any CPU
		{FB7D6FE1-E6C0-440F-A81F-A0E517CF65E9}.Release|Any CPU.ActiveCfg = Release|Any CPU
		{FB7D6FE1-E6C0-440F-A81F-A0E517CF65E9}.Release|Any CPU.Build.0 = Release|Any CPU
		{C1EBB4C5-7EA9-496C-B3E3-BD23640129C5}.Debug|Any CPU.ActiveCfg = Debug|Any CPU
		{C1EBB4C5-7EA9-496C-B3E3-BD23640129C5}.Debug|Any CPU.Build.0 = Debug|Any CPU
		{C1EBB4C5-7EA9-496C-B3E3-BD23640129C5}.Release|Any CPU.ActiveCfg = Release|Any CPU
		{C1EBB4C5-7EA9-496C-B3E3-BD23640129C5}.Release|Any CPU.Build.0 = Release|Any CPU
		{0B9F25EE-21BB-4651-A910-19C022E97DFA}.Debug|Any CPU.ActiveCfg = Debug|Any CPU
		{0B9F25EE-21BB-4651-A910-19C022E97DFA}.Debug|Any CPU.Build.0 = Debug|Any CPU
		{0B9F25EE-21BB-4651-A910-19C022E97DFA}.Release|Any CPU.ActiveCfg = Release|Any CPU
		{0B9F25EE-21BB-4651-A910-19C022E97DFA}.Release|Any CPU.Build.0 = Release|Any CPU
		{DE875D65-E877-4234-ABBB-3AC97CCE5E66}.Debug|Any CPU.ActiveCfg = Debug|Any CPU
		{DE875D65-E877-4234-ABBB-3AC97CCE5E66}.Debug|Any CPU.Build.0 = Debug|Any CPU
		{DE875D65-E877-4234-ABBB-3AC97CCE5E66}.Release|Any CPU.ActiveCfg = Release|Any CPU
		{DE875D65-E877-4234-ABBB-3AC97CCE5E66}.Release|Any CPU.Build.0 = Release|Any CPU
		{ADFC0298-6FEE-4428-8EDF-6A2E86E47677}.Debug|Any CPU.ActiveCfg = Debug|Any CPU
		{ADFC0298-6FEE-4428-8EDF-6A2E86E47677}.Debug|Any CPU.Build.0 = Debug|Any CPU
		{ADFC0298-6FEE-4428-8EDF-6A2E86E47677}.Release|Any CPU.ActiveCfg = Release|Any CPU
		{ADFC0298-6FEE-4428-8EDF-6A2E86E47677}.Release|Any CPU.Build.0 = Release|Any CPU
		{2EB94977-76C1-4B73-ADAE-7BB89166F46F}.Debug|Any CPU.ActiveCfg = Debug|Any CPU
		{2EB94977-76C1-4B73-ADAE-7BB89166F46F}.Debug|Any CPU.Build.0 = Debug|Any CPU
		{2EB94977-76C1-4B73-ADAE-7BB89166F46F}.Release|Any CPU.ActiveCfg = Release|Any CPU
		{2EB94977-76C1-4B73-ADAE-7BB89166F46F}.Release|Any CPU.Build.0 = Release|Any CPU
		{EB39DD18-194B-44CD-B054-059545D3E32B}.Debug|Any CPU.ActiveCfg = Debug|Any CPU
		{EB39DD18-194B-44CD-B054-059545D3E32B}.Debug|Any CPU.Build.0 = Debug|Any CPU
		{EB39DD18-194B-44CD-B054-059545D3E32B}.Release|Any CPU.ActiveCfg = Release|Any CPU
		{EB39DD18-194B-44CD-B054-059545D3E32B}.Release|Any CPU.Build.0 = Release|Any CPU
	EndGlobalSection
EndGlobal
